
Microsoft Visual Studio Solution File, Format Version 12.00
# Visual Studio Express 2012 for Windows Desktop
Project("{FAE04EC0-301F-11D3-BF4B-00C04F79EFBC}") = "typeConvertion", "typeConvertion\typeConvertion.csproj", "{01BECC6E-C0BE-4C8D-B265-1BF9D1F940FC}"
EndProject
Global
	GlobalSection(SolutionConfigurationPlatforms) = preSolution
		Debug|Any CPU = Debug|Any CPU
		Release|Any CPU = Release|Any CPU
	EndGlobalSection
	GlobalSection(ProjectConfigurationPlatforms) = postSolution
		{01BECC6E-C0BE-4C8D-B265-1BF9D1F940FC}.Debug|Any CPU.ActiveCfg = Debug|Any CPU
		{01BECC6E-C0BE-4C8D-B265-1BF9D1F940FC}.Debug|Any CPU.Build.0 = Debug|Any CPU
		{01BECC6E-C0BE-4C8D-B265-1BF9D1F940FC}.Release|Any CPU.ActiveCfg = Release|Any CPU
		{01BECC6E-C0BE-4C8D-B265-1BF9D1F940FC}.Release|Any CPU.Build.0 = Release|Any CPU
	EndGlobalSection
	GlobalSection(SolutionProperties) = preSolution
		HideSolutionNode = FALSE
	EndGlobalSection
EndGlobal
